// !$*UTF8*$!
{
	archiveVersion = 1;
	classes = {
	};
	objectVersion = 46;
	objects = {

/* Begin PBXBuildFile section */
		FE87DFDD1BE9ECE6005BC7EA /* main.m in Sources */ = {isa = PBXBuildFile; fileRef = FE87DFDC1BE9ECE6005BC7EA /* main.m */; };
		FE87DFE01BE9ECE6005BC7EA /* AppDelegate.m in Sources */ = {isa = PBXBuildFile; fileRef = FE87DFDF1BE9ECE6005BC7EA /* AppDelegate.m */; };
		FE87DFE31BE9ECE6005BC7EA /* ViewController.m in Sources */ = {isa = PBXBuildFile; fileRef = FE87DFE21BE9ECE6005BC7EA /* ViewController.m */; };
		FE87DFE81BE9ECE6005BC7EA /* Assets.xcassets in Resources */ = {isa = PBXBuildFile; fileRef = FE87DFE71BE9ECE6005BC7EA /* Assets.xcassets */; };
		FE87DFF61BE9ECE6005BC7EA /* WSGuidePageViewDemoTests.m in Sources */ = {isa = PBXBuildFile; fileRef = FE87DFF51BE9ECE6005BC7EA /* WSGuidePageViewDemoTests.m */; };
		FE87E0011BE9ECE6005BC7EA /* WSGuidePageViewDemoUITests.m in Sources */ = {isa = PBXBuildFile; fileRef = FE87E0001BE9ECE6005BC7EA /* WSGuidePageViewDemoUITests.m */; };
		FE87E01F1BE9F8FA005BC7EA /* WSPagerView.m in Sources */ = {isa = PBXBuildFile; fileRef = FE87E01A1BE9F8FA005BC7EA /* WSPagerView.m */; };
		FE87E0201BE9F8FA005BC7EA /* WSIntroductionViewController.m in Sources */ = {isa = PBXBuildFile; fileRef = FE87E01C1BE9F8FA005BC7EA /* WSIntroductionViewController.m */; };
		FE87E0231BE9FD61005BC7EA /* Launch Screen.storyboard in Resources */ = {isa = PBXBuildFile; fileRef = FE87E0221BE9FD61005BC7EA /* Launch Screen.storyboard */; };
/* End PBXBuildFile section */

/* Begin PBXContainerItemProxy section */
		FE87DFF21BE9ECE6005BC7EA /* PBXContainerItemProxy */ = {
			isa = PBXContainerItemProxy;
			containerPortal = FE87DFD01BE9ECE6005BC7EA /* Project object */;
			proxyType = 1;
			remoteGlobalIDString = FE87DFD71BE9ECE6005BC7EA;
			remoteInfo = WSGuidePageViewDemo;
		};
		FE87DFFD1BE9ECE6005BC7EA /* PBXContainerItemProxy */ = {
			isa = PBXContainerItemProxy;
			containerPortal = FE87DFD01BE9ECE6005BC7EA /* Project object */;
			proxyType = 1;
			remoteGlobalIDString = FE87DFD71BE9ECE6005BC7EA;
			remoteInfo = WSGuidePageViewDemo;
		};
/* End PBXContainerItemProxy section */

/* Begin PBXFileReference section */
		FE87DFD81BE9ECE6005BC7EA /* WSGuidePageViewDemo.app */ = {isa = PBXFileReference; explicitFileType = wrapper.application; includeInIndex = 0; path = WSGuidePageViewDemo.app; sourceTree = BUILT_PRODUCTS_DIR; };
		FE87DFDC1BE9ECE6005BC7EA /* main.m */ = {isa = PBXFileReference; lastKnownFileType = sourcecode.c.objc; path = main.m; sourceTree = "<group>"; };
		FE87DFDE1BE9ECE6005BC7EA /* AppDelegate.h */ = {isa = PBXFileReference; lastKnownFileType = sourcecode.c.h; path = AppDelegate.h; sourceTree = "<group>"; };
		FE87DFDF1BE9ECE6005BC7EA /* AppDelegate.m */ = {isa = PBXFileReference; lastKnownFileType = sourcecode.c.objc; path = AppDelegate.m; sourceTree = "<group>"; };
		FE87DFE11BE9ECE6005BC7EA /* ViewController.h */ = {isa = PBXFileReference; lastKnownFileType = sourcecode.c.h; path = ViewController.h; sourceTree = "<group>"; };
		FE87DFE21BE9ECE6005BC7EA /* ViewController.m */ = {isa = PBXFileReference; lastKnownFileType = sourcecode.c.objc; path = ViewController.m; sourceTree = "<group>"; };
		FE87DFE71BE9ECE6005BC7EA /* Assets.xcassets */ = {isa = PBXFileReference; lastKnownFileType = folder.assetcatalog; path = Assets.xcassets; sourceTree = "<group>"; };
		FE87DFEC1BE9ECE6005BC7EA /* Info.plist */ = {isa = PBXFileReference; lastKnownFileType = text.plist.xml; path = Info.plist; sourceTree = "<group>"; };
		FE87DFF11BE9ECE6005BC7EA /* WSGuidePageViewDemoTests.xctest */ = {isa = PBXFileReference; explicitFileType = wrapper.cfbundle; includeInIndex = 0; path = WSGuidePageViewDemoTests.xctest; sourceTree = BUILT_PRODUCTS_DIR; };
		FE87DFF51BE9ECE6005BC7EA /* WSGuidePageViewDemoTests.m */ = {isa = PBXFileReference; lastKnownFileType = sourcecode.c.objc; path = WSGuidePageViewDemoTests.m; sourceTree = "<group>"; };
		FE87DFF71BE9ECE6005BC7EA /* Info.plist */ = {isa = PBXFileReference; lastKnownFileType = text.plist.xml; path = Info.plist; sourceTree = "<group>"; };
		FE87DFFC1BE9ECE6005BC7EA /* WSGuidePageViewDemoUITests.xctest */ = {isa = PBXFileReference; explicitFileType = wrapper.cfbundle; includeInIndex = 0; path = WSGuidePageViewDemoUITests.xctest; sourceTree = BUILT_PRODUCTS_DIR; };
		FE87E0001BE9ECE6005BC7EA /* WSGuidePageViewDemoUITests.m */ = {isa = PBXFileReference; lastKnownFileType = sourcecode.c.objc; path = WSGuidePageViewDemoUITests.m; sourceTree = "<group>"; };
		FE87E0021BE9ECE6005BC7EA /* Info.plist */ = {isa = PBXFileReference; lastKnownFileType = text.plist.xml; path = Info.plist; sourceTree = "<group>"; };
		FE87E0191BE9F8FA005BC7EA /* WSPagerView.h */ = {isa = PBXFileReference; fileEncoding = 4; lastKnownFileType = sourcecode.c.h; path = WSPagerView.h; sourceTree = "<group>"; };
		FE87E01A1BE9F8FA005BC7EA /* WSPagerView.m */ = {isa = PBXFileReference; fileEncoding = 4; lastKnownFileType = sourcecode.c.objc; path = WSPagerView.m; sourceTree = "<group>"; };
		FE87E01B1BE9F8FA005BC7EA /* WSIntroductionViewController.h */ = {isa = PBXFileReference; fileEncoding = 4; lastKnownFileType = sourcecode.c.h; path = WSIntroductionViewController.h; sourceTree = "<group>"; };
		FE87E01C1BE9F8FA005BC7EA /* WSIntroductionViewController.m */ = {isa = PBXFileReference; fileEncoding = 4; lastKnownFileType = sourcecode.c.objc; path = WSIntroductionViewController.m; sourceTree = "<group>"; };
		FE87E0221BE9FD61005BC7EA /* Launch Screen.storyboard */ = {isa = PBXFileReference; fileEncoding = 4; lastKnownFileType = file.storyboard; path = "Launch Screen.storyboard"; sourceTree = "<group>"; };
/* End PBXFileReference section */

/* Begin PBXFrameworksBuildPhase section */
		FE87DFD51BE9ECE6005BC7EA /* Frameworks */ = {
			isa = PBXFrameworksBuildPhase;
			buildActionMask = 2147483647;
			files = (
			);
			runOnlyForDeploymentPostprocessing = 0;
		};
		FE87DFEE1BE9ECE6005BC7EA /* Frameworks */ = {
			isa = PBXFrameworksBuildPhase;
			buildActionMask = 2147483647;
			files = (
			);
			runOnlyForDeploymentPostprocessing = 0;
		};
		FE87DFF91BE9ECE6005BC7EA /* Frameworks */ = {
			isa = PBXFrameworksBuildPhase;
			buildActionMask = 2147483647;
			files = (
			);
			runOnlyForDeploymentPostprocessing = 0;
		};
/* End PBXFrameworksBuildPhase section */

/* Begin PBXGroup section */
		FE87DFCF1BE9ECE6005BC7EA = {
			isa = PBXGroup;
			children = (
				FE87E0181BE9F8FA005BC7EA /* Library */,
				FE87DFDA1BE9ECE6005BC7EA /* WSGuidePageViewDemo */,
				FE87DFF41BE9ECE6005BC7EA /* WSGuidePageViewDemoTests */,
				FE87DFFF1BE9ECE6005BC7EA /* WSGuidePageViewDemoUITests */,
				FE87DFD91BE9ECE6005BC7EA /* Products */,
			);
			sourceTree = "<group>";
		};
		FE87DFD91BE9ECE6005BC7EA /* Products */ = {
			isa = PBXGroup;
			children = (
				FE87DFD81BE9ECE6005BC7EA /* WSGuidePageViewDemo.app */,
				FE87DFF11BE9ECE6005BC7EA /* WSGuidePageViewDemoTests.xctest */,
				FE87DFFC1BE9ECE6005BC7EA /* WSGuidePageViewDemoUITests.xctest */,
			);
			name = Products;
			sourceTree = "<group>";
		};
		FE87DFDA1BE9ECE6005BC7EA /* WSGuidePageViewDemo */ = {
			isa = PBXGroup;
			children = (
				FE87DFDE1BE9ECE6005BC7EA /* AppDelegate.h */,
				FE87DFDF1BE9ECE6005BC7EA /* AppDelegate.m */,
				FE87DFE11BE9ECE6005BC7EA /* ViewController.h */,
				FE87DFE21BE9ECE6005BC7EA /* ViewController.m */,
				FE87E0221BE9FD61005BC7EA /* Launch Screen.storyboard */,
				FE87DFE71BE9ECE6005BC7EA /* Assets.xcassets */,
				FE87DFEC1BE9ECE6005BC7EA /* Info.plist */,
				FE87DFDB1BE9ECE6005BC7EA /* Supporting Files */,
			);
			path = WSGuidePageViewDemo;
			sourceTree = "<group>";
		};
		FE87DFDB1BE9ECE6005BC7EA /* Supporting Files */ = {
			isa = PBXGroup;
			children = (
				FE87DFDC1BE9ECE6005BC7EA /* main.m */,
			);
			name = "Supporting Files";
			sourceTree = "<group>";
		};
		FE87DFF41BE9ECE6005BC7EA /* WSGuidePageViewDemoTests */ = {
			isa = PBXGroup;
			children = (
				FE87DFF51BE9ECE6005BC7EA /* WSGuidePageViewDemoTests.m */,
				FE87DFF71BE9ECE6005BC7EA /* Info.plist */,
			);
			path = WSGuidePageViewDemoTests;
			sourceTree = "<group>";
		};
		FE87DFFF1BE9ECE6005BC7EA /* WSGuidePageViewDemoUITests */ = {
			isa = PBXGroup;
			children = (
				FE87E0001BE9ECE6005BC7EA /* WSGuidePageViewDemoUITests.m */,
				FE87E0021BE9ECE6005BC7EA /* Info.plist */,
			);
			path = WSGuidePageViewDemoUITests;
			sourceTree = "<group>";
		};
		FE87E0181BE9F8FA005BC7EA /* Library */ = {
			isa = PBXGroup;
			children = (
				FE87E0191BE9F8FA005BC7EA /* WSPagerView.h */,
				FE87E01A1BE9F8FA005BC7EA /* WSPagerView.m */,
				FE87E01B1BE9F8FA005BC7EA /* WSIntroductionViewController.h */,
				FE87E01C1BE9F8FA005BC7EA /* WSIntroductionViewController.m */,
			);
			path = Library;
			sourceTree = "<group>";
		};
/* End PBXGroup section */

/* Begin PBXNativeTarget section */
		FE87DFD71BE9ECE6005BC7EA /* WSGuidePageViewDemo */ = {
			isa = PBXNativeTarget;
			buildConfigurationList = FE87E0051BE9ECE6005BC7EA /* Build configuration list for PBXNativeTarget "WSGuidePageViewDemo" */;
			buildPhases = (
				FE87DFD41BE9ECE6005BC7EA /* Sources */,
				FE87DFD51BE9ECE6005BC7EA /* Frameworks */,
				FE87DFD61BE9ECE6005BC7EA /* Resources */,
			);
			buildRules = (
			);
			dependencies = (
			);
			name = WSGuidePageViewDemo;
			productName = WSGuidePageViewDemo;
			productReference = FE87DFD81BE9ECE6005BC7EA /* WSGuidePageViewDemo.app */;
			productType = "com.apple.product-type.application";
		};
		FE87DFF01BE9ECE6005BC7EA /* WSGuidePageViewDemoTests */ = {
			isa = PBXNativeTarget;
			buildConfigurationList = FE87E0081BE9ECE6005BC7EA /* Build configuration list for PBXNativeTarget "WSGuidePageViewDemoTests" */;
			buildPhases = (
				FE87DFED1BE9ECE6005BC7EA /* Sources */,
				FE87DFEE1BE9ECE6005BC7EA /* Frameworks */,
				FE87DFEF1BE9ECE6005BC7EA /* Resources */,
			);
			buildRules = (
			);
			dependencies = (
				FE87DFF31BE9ECE6005BC7EA /* PBXTargetDependency */,
			);
			name = WSGuidePageViewDemoTests;
			productName = WSGuidePageViewDemoTests;
			productReference = FE87DFF11BE9ECE6005BC7EA /* WSGuidePageViewDemoTests.xctest */;
			productType = "com.apple.product-type.bundle.unit-test";
		};
		FE87DFFB1BE9ECE6005BC7EA /* WSGuidePageViewDemoUITests */ = {
			isa = PBXNativeTarget;
			buildConfigurationList = FE87E00B1BE9ECE6005BC7EA /* Build configuration list for PBXNativeTarget "WSGuidePageViewDemoUITests" */;
			buildPhases = (
				FE87DFF81BE9ECE6005BC7EA /* Sources */,
				FE87DFF91BE9ECE6005BC7EA /* Frameworks */,
				FE87DFFA1BE9ECE6005BC7EA /* Resources */,
			);
			buildRules = (
			);
			dependencies = (
				FE87DFFE1BE9ECE6005BC7EA /* PBXTargetDependency */,
			);
			name = WSGuidePageViewDemoUITests;
			productName = WSGuidePageViewDemoUITests;
			productReference = FE87DFFC1BE9ECE6005BC7EA /* WSGuidePageViewDemoUITests.xctest */;
			productType = "com.apple.product-type.bundle.ui-testing";
		};
/* End PBXNativeTarget section */

/* Begin PBXProject section */
		FE87DFD01BE9ECE6005BC7EA /* Project object */ = {
			isa = PBXProject;
			attributes = {
				LastUpgradeCheck = 0710;
				ORGANIZATIONNAME = "温世波";
				TargetAttributes = {
					FE87DFD71BE9ECE6005BC7EA = {
						CreatedOnToolsVersion = 7.1;
					};
					FE87DFF01BE9ECE6005BC7EA = {
						CreatedOnToolsVersion = 7.1;
						TestTargetID = FE87DFD71BE9ECE6005BC7EA;
					};
					FE87DFFB1BE9ECE6005BC7EA = {
						CreatedOnToolsVersion = 7.1;
						TestTargetID = FE87DFD71BE9ECE6005BC7EA;
					};
				};
			};
			buildConfigurationList = FE87DFD31BE9ECE6005BC7EA /* Build configuration list for PBXProject "WSGuidePageViewDemo" */;
			compatibilityVersion = "Xcode 3.2";
			developmentRegion = English;
			hasScannedForEncodings = 0;
			knownRegions = (
				en,
				Base,
			);
			mainGroup = FE87DFCF1BE9ECE6005BC7EA;
			productRefGroup = FE87DFD91BE9ECE6005BC7EA /* Products */;
			projectDirPath = "";
			projectRoot = "";
			targets = (
				FE87DFD71BE9ECE6005BC7EA /* WSGuidePageViewDemo */,
				FE87DFF01BE9ECE6005BC7EA /* WSGuidePageViewDemoTests */,
				FE87DFFB1BE9ECE6005BC7EA /* WSGuidePageViewDemoUITests */,
			);
		};
/* End PBXProject section */

/* Begin PBXResourcesBuildPhase section */
		FE87DFD61BE9ECE6005BC7EA /* Resources */ = {
			isa = PBXResourcesBuildPhase;
			buildActionMask = 2147483647;
			files = (
				FE87E0231BE9FD61005BC7EA /* Launch Screen.storyboard in Resources */,
				FE87DFE81BE9ECE6005BC7EA /* Assets.xcassets in Resources */,
			);
			runOnlyForDeploymentPostprocessing = 0;
		};
		FE87DFEF1BE9ECE6005BC7EA /* Resources */ = {
			isa = PBXResourcesBuildPhase;
			buildActionMask = 2147483647;
			files = (
			);
			runOnlyForDeploymentPostprocessing = 0;
		};
		FE87DFFA1BE9ECE6005BC7EA /* Resources */ = {
			isa = PBXResourcesBuildPhase;
			buildActionMask = 2147483647;
			files = (
			);
			runOnlyForDeploymentPostprocessing = 0;
		};
/* End PBXResourcesBuildPhase section */

/* Begin PBXSourcesBuildPhase section */
		FE87DFD41BE9ECE6005BC7EA /* Sources */ = {
			isa = PBXSourcesBuildPhase;
			buildActionMask = 2147483647;
			files = (
				FE87E0201BE9F8FA005BC7EA /* WSIntroductionViewController.m in Sources */,
				FE87DFE31BE9ECE6005BC7EA /* ViewController.m in Sources */,
				FE87DFE01BE9ECE6005BC7EA /* AppDelegate.m in Sources */,
				FE87E01F1BE9F8FA005BC7EA /* WSPagerView.m in Sources */,
				FE87DFDD1BE9ECE6005BC7EA /* main.m in Sources */,
			);
			runOnlyForDeploymentPostprocessing = 0;
		};
		FE87DFED1BE9ECE6005BC7EA /* Sources */ = {
			isa = PBXSourcesBuildPhase;
			buildActionMask = 2147483647;
			files = (
				FE87DFF61BE9ECE6005BC7EA /* WSGuidePageViewDemoTests.m in Sources */,
			);
			runOnlyForDeploymentPostprocessing = 0;
		};
		FE87DFF81BE9ECE6005BC7EA /* Sources */ = {
			isa = PBXSourcesBuildPhase;
			buildActionMask = 2147483647;
			files = (
				FE87E0011BE9ECE6005BC7EA /* WSGuidePageViewDemoUITests.m in Sources */,
			);
			runOnlyForDeploymentPostprocessing = 0;
		};
/* End PBXSourcesBuildPhase section */

/* Begin PBXTargetDependency section */
		FE87DFF31BE9ECE6005BC7EA /* PBXTargetDependency */ = {
			isa = PBXTargetDependency;
			target = FE87DFD71BE9ECE6005BC7EA /* WSGuidePageViewDemo */;
			targetProxy = FE87DFF21BE9ECE6005BC7EA /* PBXContainerItemProxy */;
		};
		FE87DFFE1BE9ECE6005BC7EA /* PBXTargetDependency */ = {
			isa = PBXTargetDependency;
			target = FE87DFD71BE9ECE6005BC7EA /* WSGuidePageViewDemo */;
			targetProxy = FE87DFFD1BE9ECE6005BC7EA /* PBXContainerItemProxy */;
		};
/* End PBXTargetDependency section */

/* Begin XCBuildConfiguration section */
		FE87E0031BE9ECE6005BC7EA /* Debug */ = {
			isa = XCBuildConfiguration;
			buildSettings = {
				ALWAYS_SEARCH_USER_PATHS = NO;
				CLANG_CXX_LANGUAGE_STANDARD = "gnu++0x";
				CLANG_CXX_LIBRARY = "libc++";
				CLANG_ENABLE_MODULES = YES;
				CLANG_ENABLE_OBJC_ARC = YES;
				CLANG_WARN_BOOL_CONVERSION = YES;
				CLANG_WARN_CONSTANT_CONVERSION = YES;
				CLANG_WARN_DIRECT_OBJC_ISA_USAGE = YES_ERROR;
				CLANG_WARN_EMPTY_BODY = YES;
				CLANG_WARN_ENUM_CONVERSION = YES;
				CLANG_WARN_INT_CONVERSION = YES;
				CLANG_WARN_OBJC_ROOT_CLASS = YES_ERROR;
				CLANG_WARN_UNREACHABLE_CODE = YES;
				CLANG_WARN__DUPLICATE_METHOD_MATCH = YES;
				"CODE_SIGN_IDENTITY[sdk=iphoneos*]" = "iPhone Developer";
				COPY_PHASE_STRIP = NO;
				DEBUG_INFORMATION_FORMAT = dwarf;
				ENABLE_STRICT_OBJC_MSGSEND = YES;
				ENABLE_TESTABILITY = YES;
				GCC_C_LANGUAGE_STANDARD = gnu99;
				GCC_DYNAMIC_NO_PIC = NO;
				GCC_NO_COMMON_BLOCKS = YES;
				GCC_OPTIMIZATION_LEVEL = 0;
				GCC_PREPROCESSOR_DEFINITIONS = (
					"DEBUG=1",
					"$(inherited)",
				);
				GCC_WARN_64_TO_32_BIT_CONVERSION = YES;
				GCC_WARN_ABOUT_RETURN_TYPE = YES_ERROR;
				GCC_WARN_UNDECLARED_SELECTOR = YES;
				GCC_WARN_UNINITIALIZED_AUTOS = YES_AGGRESSIVE;
				GCC_WARN_UNUSED_FUNCTION = YES;
				GCC_WARN_UNUSED_VARIABLE = YES;
				IPHONEOS_DEPLOYMENT_TARGET = 9.1;
				MTL_ENABLE_DEBUG_INFO = YES;
				ONLY_ACTIVE_ARCH = YES;
				SDKROOT = iphoneos;
			};
			name = Debug;
		};
		FE87E0041BE9ECE6005BC7EA /* Release */ = {
			isa = XCBuildConfiguration;
			buildSettings = {
				ALWAYS_SEARCH_USER_PATHS = NO;
				CLANG_CXX_LANGUAGE_STANDARD = "gnu++0x";
				CLANG_CXX_LIBRARY = "libc++";
				CLANG_ENABLE_MODULES = YES;
				CLANG_ENABLE_OBJC_ARC = YES;
				CLANG_WARN_BOOL_CONVERSION = YES;
				CLANG_WARN_CONSTANT_CONVERSION = YES;
				CLANG_WARN_DIRECT_OBJC_ISA_USAGE = YES_ERROR;
				CLANG_WARN_EMPTY_BODY = YES;
				CLANG_WARN_ENUM_CONVERSION = YES;
				CLANG_WARN_INT_CONVERSION = YES;
				CLANG_WARN_OBJC_ROOT_CLASS = YES_ERROR;
				CLANG_WARN_UNREACHABLE_CODE = YES;
				CLANG_WARN__DUPLICATE_METHOD_MATCH = YES;
				"CODE_SIGN_IDENTITY[sdk=iphoneos*]" = "iPhone Developer";
				COPY_PHASE_STRIP = NO;
				DEBUG_INFORMATION_FORMAT = "dwarf-with-dsym";
				ENABLE_NS_ASSERTIONS = NO;
				ENABLE_STRICT_OBJC_MSGSEND = YES;
				GCC_C_LANGUAGE_STANDARD = gnu99;
				GCC_NO_COMMON_BLOCKS = YES;
				GCC_WARN_64_TO_32_BIT_CONVERSION = YES;
				GCC_WARN_ABOUT_RETURN_TYPE = YES_ERROR;
				GCC_WARN_UNDECLARED_SELECTOR = YES;
				GCC_WARN_UNINITIALIZED_AUTOS = YES_AGGRESSIVE;
				GCC_WARN_UNUSED_FUNCTION = YES;
				GCC_WARN_UNUSED_VARIABLE = YES;
				IPHONEOS_DEPLOYMENT_TARGET = 9.1;
				MTL_ENABLE_DEBUG_INFO = NO;
				SDKROOT = iphoneos;
				VALIDATE_PRODUCT = YES;
			};
			name = Release;
		};
		FE87E0061BE9ECE6005BC7EA /* Debug */ = {
			isa = XCBuildConfiguration;
			buildSettings = {
				ASSETCATALOG_COMPILER_APPICON_NAME = AppIcon;
				INFOPLIST_FILE = WSGuidePageViewDemo/Info.plist;
				IPHONEOS_DEPLOYMENT_TARGET = 8.0;
				LD_RUNPATH_SEARCH_PATHS = "$(inherited) @executable_path/Frameworks";
				PRODUCT_BUNDLE_IDENTIFIER = com.tilink.WSGuidePageViewDemo;
				PRODUCT_NAME = "$(TARGET_NAME)";
				TARGETED_DEVICE_FAMILY = 1;
			};
			name = Debug;
		};
		FE87E0071BE9ECE6005BC7EA /* Release */ = {
			isa = XCBuildConfiguration;
			buildSettings = {
				ASSETCATALOG_COMPILER_APPICON_NAME = AppIcon;
				INFOPLIST_FILE = WSGuidePageViewDemo/Info.plist;
				IPHONEOS_DEPLOYMENT_TARGET = 8.0;
				LD_RUNPATH_SEARCH_PATHS = "$(inherited) @executable_path/Frameworks";
				PRODUCT_BUNDLE_IDENTIFIER = com.tilink.WSGuidePageViewDemo;
				PRODUCT_NAME = "$(TARGET_NAME)";
				TARGETED_DEVICE_FAMILY = 1;
			};
			name = Release;
		};
		FE87E0091BE9ECE6005BC7EA /* Debug */ = {
			isa = XCBuildConfiguration;
			buildSettings = {
				BUNDLE_LOADER = "$(TEST_HOST)";
				INFOPLIST_FILE = WSGuidePageViewDemoTests/Info.plist;
				LD_RUNPATH_SEARCH_PATHS = "$(inherited) @executable_path/Frameworks @loader_path/Frameworks";
				PRODUCT_BUNDLE_IDENTIFIER = com.tilink.WSGuidePageViewDemoTests;
				PRODUCT_NAME = "$(TARGET_NAME)";
				TEST_HOST = "$(BUILT_PRODUCTS_DIR)/WSGuidePageViewDemo.app/WSGuidePageViewDemo";
			};
			name = Debug;
		};
		FE87E00A1BE9ECE6005BC7EA /* Release */ = {
			isa = XCBuildConfiguration;
			buildSettings = {
				BUNDLE_LOADER = "$(TEST_HOST)";
				INFOPLIST_FILE = WSGuidePageViewDemoTests/Info.plist;
				LD_RUNPATH_SEARCH_PATHS = "$(inherited) @executable_path/Frameworks @loader_path/Frameworks";
				PRODUCT_BUNDLE_IDENTIFIER = com.tilink.WSGuidePageViewDemoTests;
				PRODUCT_NAME = "$(TARGET_NAME)";
				TEST_HOST = "$(BUILT_PRODUCTS_DIR)/WSGuidePageViewDemo.app/WSGuidePageViewDemo";
			};
			name = Release;
		};
		FE87E00C1BE9ECE6005BC7EA /* Debug */ = {
			isa = XCBuildConfiguration;
			buildSettings = {
				INFOPLIST_FILE = WSGuidePageViewDemoUITests/Info.plist;
				LD_RUNPATH_SEARCH_PATHS = "$(inherited) @executable_path/Frameworks @loader_path/Frameworks";
				PRODUCT_BUNDLE_IDENTIFIER = com.tilink.WSGuidePageViewDemoUITests;
				PRODUCT_NAME = "$(TARGET_NAME)";
				TEST_TARGET_NAME = WSGuidePageViewDemo;
				USES_XCTRUNNER = YES;
			};
			name = Debug;
		};
		FE87E00D1BE9ECE6005BC7EA /* Release */ = {
			isa = XCBuildConfiguration;
			buildSettings = {
				INFOPLIST_FILE = WSGuidePageViewDemoUITests/Info.plist;
				LD_RUNPATH_SEARCH_PATHS = "$(inherited) @executable_path/Frameworks @loader_path/Frameworks";
				PRODUCT_BUNDLE_IDENTIFIER = com.tilink.WSGuidePageViewDemoUITests;
				PRODUCT_NAME = "$(TARGET_NAME)";
				TEST_TARGET_NAME = WSGuidePageViewDemo;
				USES_XCTRUNNER = YES;
			};
			name = Release;
		};
/* End XCBuildConfiguration section */

/* Begin XCConfigurationList section */
		FE87DFD31BE9ECE6005BC7EA /* Build configuration list for PBXProject "WSGuidePageViewDemo" */ = {
			isa = XCConfigurationList;
			buildConfigurations = (
				FE87E0031BE9ECE6005BC7EA /* Debug */,
				FE87E0041BE9ECE6005BC7EA /* Release */,
			);
			defaultConfigurationIsVisible = 0;
			defaultConfigurationName = Release;
		};
		FE87E0051BE9ECE6005BC7EA /* Build configuration list for PBXNativeTarget "WSGuidePageViewDemo" */ = {
			isa = XCConfigurationList;
			buildConfigurations = (
				FE87E0061BE9ECE6005BC7EA /* Debug */,
				FE87E0071BE9ECE6005BC7EA /* Release */,
			);
			defaultConfigurationIsVisible = 0;
		};
		FE87E0081BE9ECE6005BC7EA /* Build configuration list for PBXNativeTarget "WSGuidePageViewDemoTests" */ = {
			isa = XCConfigurationList;
			buildConfigurations = (
				FE87E0091BE9ECE6005BC7EA /* Debug */,
				FE87E00A1BE9ECE6005BC7EA /* Release */,
			);
			defaultConfigurationIsVisible = 0;
		};
		FE87E00B1BE9ECE6005BC7EA /* Build configuration list for PBXNativeTarget "WSGuidePageViewDemoUITests" */ = {
			isa = XCConfigurationList;
			buildConfigurations = (
				FE87E00C1BE9ECE6005BC7EA /* Debug */,
				FE87E00D1BE9ECE6005BC7EA /* Release */,
			);
			defaultConfigurationIsVisible = 0;
		};
/* End XCConfigurationList section */
	};
	rootObject = FE87DFD01BE9ECE6005BC7EA /* Project object */;
}
